{
  "name": "linkify-plus-plus",
  "version": "8.1.0",
  "lockfileVersion": 1,
  "requires": true,
  "dependencies": {
    "ansi-regex": {
      "version": "2.1.1",
      "resolved": "https://registry.npmjs.org/ansi-regex/-/ansi-regex-2.1.1.tgz",
      "integrity": "sha1-w7M6te42DYbg5ijwRorn7yfWVN8=",
      "dev": true
    },
    "fs-extra": {
      "version": "5.0.0",
      "resolved": "https://registry.npmjs.org/fs-extra/-/fs-extra-5.0.0.tgz",
      "integrity": "sha512-66Pm4RYbjzdyeuqudYqhFiNBbCIuI9kgRqLPSHIlXHidW8NIQtVdkM1yeZ4lXwuhbTETv3EUGMNHAAw6hiundQ==",
      "dev": true,
      "requires": {
        "graceful-fs": "^4.1.2",
        "jsonfile": "^4.0.0",
        "universalify": "^0.1.0"
      }
    },
    "graceful-fs": {
      "version": "4.1.11",
      "resolved": "https://registry.npmjs.org/graceful-fs/-/graceful-fs-4.1.11.tgz",
      "integrity": "sha1-Dovf5NHduIVNZOBOp8AOKgJuVlg=",
      "dev": true
    },
    "jsonfile": {
      "version": "4.0.0",
      "resolved": "https://registry.npmjs.org/jsonfile/-/jsonfile-4.0.0.tgz",
      "integrity": "sha1-h3Gq4HmbZAdrdmQPygWPnBDjPss=",
      "dev": true,
      "requires": {
        "graceful-fs": "^4.1.6"
      }
    },
    "neodoc": {
      "version": "2.0.0",
      "resolved": "https://registry.npmjs.org/neodoc/-/neodoc-2.0.0.tgz",
      "integrity": "sha512-jnFsE8vHuE7rTrGT+uJMTr3pXLzLQXXillfvPWWlY8ucCCnncsrI4p9rE2+j/b6CDiIF+YEnxf1wwIdksK8cWA==",
      "dev": true,
      "requires": {
        "ansi-regex": "^2.0.0"
      }
    },
    "universalify": {
      "version": "0.1.1",
      "resolved": "https://registry.npmjs.org/universalify/-/universalify-0.1.1.tgz",
      "integrity": "sha1-+nG63UQ3r0wUiEHjs7Fl+enlkLc=",
      "dev": true
    },
    "userscript-meta": {
      "version": "1.0.1",
      "resolved": "https://registry.npmjs.org/userscript-meta/-/userscript-meta-1.0.1.tgz",
      "integrity": "sha1-YHmsGWI+jqs+xeqPbogbm3xFcPc=",
      "dev": true
    },
    "userscript-meta-cli": {
      "version": "0.3.0",
      "resolved": "https://registry.npmjs.org/userscript-meta-cli/-/userscript-meta-cli-0.3.0.tgz",
      "integrity": "sha512-rAO3Q1tadtC1Ev7kAUePdQx4AivnkGS2wR/VDZvzV34RrC9NIXhunx5f6l6SDeorpaMNoDtOp1X6tITWR4+u8Q==",
      "dev": true,
      "requires": {
        "fs-extra": "^5.0.0",
        "neodoc": "^2.0.0",
        "userscript-meta": "^1.0.1"
      }
    }
  }
}
